<?xml version="1.0" encoding="utf-8"?>
<Project ToolsVersion="4.0" xmlns="http://schemas.microsoft.com/developer/msbuild/2003">
  <ItemGroup>
    <ClCompile Include="RK_Engine.cpp" />
    <ClCompile Include="BTask.cpp">
      <Filter>src\threading</Filter>
    </ClCompile>
    <ClCompile Include="BThread.cpp">
      <Filter>src\threading</Filter>
    </ClCompile>
    <ClCompile Include="DefaultTask.cpp">
      <Filter>src\threading</Filter>
    </ClCompile>
    <ClCompile Include="DefaultThread.cpp">
      <Filter>src\threading</Filter>
    </ClCompile>
    <ClCompile Include="PoolThread.cpp">
      <Filter>src\threading</Filter>
    </ClCompile>
    <ClCompile Include="TaskStack.cpp">
      <Filter>src\threading</Filter>
    </ClCompile>
  </ItemGroup>
  <ItemGroup>
    <ClInclude Include="BTask.h">
      <Filter>headers\threading</Filter>
    </ClInclude>
    <ClInclude Include="BThread.h">
      <Filter>headers\threading</Filter>
    </ClInclude>
    <ClInclude Include="DefaultTask.h">
      <Filter>headers\threading</Filter>
    </ClInclude>
    <ClInclude Include="DefaultThread.h">
      <Filter>headers\threading</Filter>
    </ClInclude>
    <ClInclude Include="PoolThread.h">
      <Filter>headers\threading</Filter>
    </ClInclude>
    <ClInclude Include="TaskStack.h">
      <Filter>headers\threading</Filter>
    </ClInclude>
  </ItemGroup>
  <ItemGroup>
    <Filter Include="headers">
      <UniqueIdentifier>{b036a6a2-6257-4e42-9b57-00978d0f2d9e}</UniqueIdentifier>
    </Filter>
    <Filter Include="src">
      <UniqueIdentifier>{27683fdd-ccae-4b36-9898-ae7a640a315d}</UniqueIdentifier>
    </Filter>
    <Filter Include="headers\threading">
      <UniqueIdentifier>{90d4e7db-f5b1-4c16-b097-6ac563432475}</UniqueIdentifier>
    </Filter>
    <Filter Include="src\threading">
      <UniqueIdentifier>{7a9d6647-8811-4b76-a17f-37cb4cdadbb5}</UniqueIdentifier>
    </Filter>
  </ItemGroup>
</Project>